// !$*UTF8*$!
{
	archiveVersion = 1;
	classes = {
	};
	objectVersion = 48;
	objects = {

/* Begin PBXBuildFile section */
		510FC8EC1F7A67A300AA98F7 /* AppDelegate.m in Sources */ = {isa = PBXBuildFile; fileRef = 510FC8EB1F7A67A300AA98F7 /* AppDelegate.m */; };
		510FC8EF1F7A67A300AA98F7 /* ViewController.m in Sources */ = {isa = PBXBuildFile; fileRef = 510FC8EE1F7A67A300AA98F7 /* ViewController.m */; };
		510FC8F21F7A67A300AA98F7 /* Main.storyboard in Resources */ = {isa = PBXBuildFile; fileRef = 510FC8F01F7A67A300AA98F7 /* Main.storyboard */; };
		510FC8F41F7A67A300AA98F7 /* Assets.xcassets in Resources */ = {isa = PBXBuildFile; fileRef = 510FC8F31F7A67A300AA98F7 /* Assets.xcassets */; };
		510FC8F71F7A67A300AA98F7 /* LaunchScreen.storyboard in Resources */ = {isa = PBXBuildFile; fileRef = 510FC8F51F7A67A300AA98F7 /* LaunchScreen.storyboard */; };
		510FC8FA1F7A67A300AA98F7 /* main.m in Sources */ = {isa = PBXBuildFile; fileRef = 510FC8F91F7A67A300AA98F7 /* main.m */; };
		510FC9041F7A67A300AA98F7 /* TBExtensionTests.m in Sources */ = {isa = PBXBuildFile; fileRef = 510FC9031F7A67A300AA98F7 /* TBExtensionTests.m */; };
		510FC90F1F7A67A300AA98F7 /* TBExtensionUITests.m in Sources */ = {isa = PBXBuildFile; fileRef = 510FC90E1F7A67A300AA98F7 /* TBExtensionUITests.m */; };
		510FC9261F7A67C000AA98F7 /* NSObject+TBObject.m in Sources */ = {isa = PBXBuildFile; fileRef = 510FC91E1F7A67C000AA98F7 /* NSObject+TBObject.m */; };
		510FC9271F7A67C000AA98F7 /* TBRuntimePerson.m in Sources */ = {isa = PBXBuildFile; fileRef = 510FC9201F7A67C000AA98F7 /* TBRuntimePerson.m */; };
		510FC9281F7A67C000AA98F7 /* TBRuntimePersonSon.m in Sources */ = {isa = PBXBuildFile; fileRef = 510FC9221F7A67C000AA98F7 /* TBRuntimePersonSon.m */; };
		510FC9291F7A67C000AA98F7 /* TBRuntimeVC.m in Sources */ = {isa = PBXBuildFile; fileRef = 510FC9241F7A67C000AA98F7 /* TBRuntimeVC.m */; };
		510FC92A1F7A67C000AA98F7 /* TBRuntimeVC.xib in Resources */ = {isa = PBXBuildFile; fileRef = 510FC9251F7A67C000AA98F7 /* TBRuntimeVC.xib */; };
		510FC9441F7A67F500AA98F7 /* LICENSE in Resources */ = {isa = PBXBuildFile; fileRef = 510FC92C1F7A67F500AA98F7 /* LICENSE */; };
		510FC9451F7A67F500AA98F7 /* MJExtensionConst.m in Sources */ = {isa = PBXBuildFile; fileRef = 510FC9301F7A67F500AA98F7 /* MJExtensionConst.m */; };
		510FC9461F7A67F500AA98F7 /* MJFoundation.m in Sources */ = {isa = PBXBuildFile; fileRef = 510FC9321F7A67F500AA98F7 /* MJFoundation.m */; };
		510FC9471F7A67F500AA98F7 /* MJProperty.m in Sources */ = {isa = PBXBuildFile; fileRef = 510FC9341F7A67F500AA98F7 /* MJProperty.m */; };
		510FC9481F7A67F500AA98F7 /* MJPropertyKey.m in Sources */ = {isa = PBXBuildFile; fileRef = 510FC9361F7A67F500AA98F7 /* MJPropertyKey.m */; };
		510FC9491F7A67F600AA98F7 /* MJPropertyType.m in Sources */ = {isa = PBXBuildFile; fileRef = 510FC9381F7A67F500AA98F7 /* MJPropertyType.m */; };
		510FC94A1F7A67F600AA98F7 /* NSObject+MJClass.m in Sources */ = {isa = PBXBuildFile; fileRef = 510FC93A1F7A67F500AA98F7 /* NSObject+MJClass.m */; };
		510FC94B1F7A67F600AA98F7 /* NSObject+MJCoding.m in Sources */ = {isa = PBXBuildFile; fileRef = 510FC93C1F7A67F500AA98F7 /* NSObject+MJCoding.m */; };
		510FC94C1F7A67F600AA98F7 /* NSObject+MJKeyValue.m in Sources */ = {isa = PBXBuildFile; fileRef = 510FC93E1F7A67F500AA98F7 /* NSObject+MJKeyValue.m */; };
		510FC94D1F7A67F600AA98F7 /* NSObject+MJProperty.m in Sources */ = {isa = PBXBuildFile; fileRef = 510FC9401F7A67F500AA98F7 /* NSObject+MJProperty.m */; };
		510FC94E1F7A67F600AA98F7 /* NSString+MJExtension.m in Sources */ = {isa = PBXBuildFile; fileRef = 510FC9421F7A67F500AA98F7 /* NSString+MJExtension.m */; };
		510FC94F1F7A67F600AA98F7 /* README.md in Resources */ = {isa = PBXBuildFile; fileRef = 510FC9431F7A67F500AA98F7 /* README.md */; };
/* End PBXBuildFile section */

/* Begin PBXContainerItemProxy section */
		510FC9001F7A67A300AA98F7 /* PBXContainerItemProxy */ = {
			isa = PBXContainerItemProxy;
			containerPortal = 510FC8DF1F7A67A300AA98F7 /* Project object */;
			proxyType = 1;
			remoteGlobalIDString = 510FC8E61F7A67A300AA98F7;
			remoteInfo = TBExtension;
		};
		510FC90B1F7A67A300AA98F7 /* PBXContainerItemProxy */ = {
			isa = PBXContainerItemProxy;
			containerPortal = 510FC8DF1F7A67A300AA98F7 /* Project object */;
			proxyType = 1;
			remoteGlobalIDString = 510FC8E61F7A67A300AA98F7;
			remoteInfo = TBExtension;
		};
/* End PBXContainerItemProxy section */

/* Begin PBXFileReference section */
		510FC8E71F7A67A300AA98F7 /* TBExtension.app */ = {isa = PBXFileReference; explicitFileType = wrapper.application; includeInIndex = 0; path = TBExtension.app; sourceTree = BUILT_PRODUCTS_DIR; };
		510FC8EA1F7A67A300AA98F7 /* AppDelegate.h */ = {isa = PBXFileReference; lastKnownFileType = sourcecode.c.h; path = AppDelegate.h; sourceTree = "<group>"; };
		510FC8EB1F7A67A300AA98F7 /* AppDelegate.m */ = {isa = PBXFileReference; lastKnownFileType = sourcecode.c.objc; path = AppDelegate.m; sourceTree = "<group>"; };
		510FC8ED1F7A67A300AA98F7 /* ViewController.h */ = {isa = PBXFileReference; lastKnownFileType = sourcecode.c.h; path = ViewController.h; sourceTree = "<group>"; };
		510FC8EE1F7A67A300AA98F7 /* ViewController.m */ = {isa = PBXFileReference; lastKnownFileType = sourcecode.c.objc; path = ViewController.m; sourceTree = "<group>"; };
		510FC8F11F7A67A300AA98F7 /* Base */ = {isa = PBXFileReference; lastKnownFileType = file.storyboard; name = Base; path = Base.lproj/Main.storyboard; sourceTree = "<group>"; };
		510FC8F31F7A67A300AA98F7 /* Assets.xcassets */ = {isa = PBXFileReference; lastKnownFileType = folder.assetcatalog; path = Assets.xcassets; sourceTree = "<group>"; };
		510FC8F61F7A67A300AA98F7 /* Base */ = {isa = PBXFileReference; lastKnownFileType = file.storyboard; name = Base; path = Base.lproj/LaunchScreen.storyboard; sourceTree = "<group>"; };
		510FC8F81F7A67A300AA98F7 /* Info.plist */ = {isa = PBXFileReference; lastKnownFileType = text.plist.xml; path = Info.plist; sourceTree = "<group>"; };
		510FC8F91F7A67A300AA98F7 /* main.m */ = {isa = PBXFileReference; lastKnownFileType = sourcecode.c.objc; path = main.m; sourceTree = "<group>"; };
		510FC8FF1F7A67A300AA98F7 /* TBExtensionTests.xctest */ = {isa = PBXFileReference; explicitFileType = wrapper.cfbundle; includeInIndex = 0; path = TBExtensionTests.xctest; sourceTree = BUILT_PRODUCTS_DIR; };
		510FC9031F7A67A300AA98F7 /* TBExtensionTests.m */ = {isa = PBXFileReference; lastKnownFileType = sourcecode.c.objc; path = TBExtensionTests.m; sourceTree = "<group>"; };
		510FC9051F7A67A300AA98F7 /* Info.plist */ = {isa = PBXFileReference; lastKnownFileType = text.plist.xml; path = Info.plist; sourceTree = "<group>"; };
		510FC90A1F7A67A300AA98F7 /* TBExtensionUITests.xctest */ = {isa = PBXFileReference; explicitFileType = wrapper.cfbundle; includeInIndex = 0; path = TBExtensionUITests.xctest; sourceTree = BUILT_PRODUCTS_DIR; };
		510FC90E1F7A67A300AA98F7 /* TBExtensionUITests.m */ = {isa = PBXFileReference; lastKnownFileType = sourcecode.c.objc; path = TBExtensionUITests.m; sourceTree = "<group>"; };
		510FC9101F7A67A300AA98F7 /* Info.plist */ = {isa = PBXFileReference; lastKnownFileType = text.plist.xml; path = Info.plist; sourceTree = "<group>"; };
		510FC91D1F7A67C000AA98F7 /* NSObject+TBObject.h */ = {isa = PBXFileReference; fileEncoding = 4; lastKnownFileType = sourcecode.c.h; path = "NSObject+TBObject.h"; sourceTree = "<group>"; };
		510FC91E1F7A67C000AA98F7 /* NSObject+TBObject.m */ = {isa = PBXFileReference; fileEncoding = 4; lastKnownFileType = sourcecode.c.objc; path = "NSObject+TBObject.m"; sourceTree = "<group>"; };
		510FC91F1F7A67C000AA98F7 /* TBRuntimePerson.h */ = {isa = PBXFileReference; fileEncoding = 4; lastKnownFileType = sourcecode.c.h; path = TBRuntimePerson.h; sourceTree = "<group>"; };
		510FC9201F7A67C000AA98F7 /* TBRuntimePerson.m */ = {isa = PBXFileReference; fileEncoding = 4; lastKnownFileType = sourcecode.c.objc; path = TBRuntimePerson.m; sourceTree = "<group>"; };
		510FC9211F7A67C000AA98F7 /* TBRuntimePersonSon.h */ = {isa = PBXFileReference; fileEncoding = 4; lastKnownFileType = sourcecode.c.h; path = TBRuntimePersonSon.h; sourceTree = "<group>"; };
		510FC9221F7A67C000AA98F7 /* TBRuntimePersonSon.m */ = {isa = PBXFileReference; fileEncoding = 4; lastKnownFileType = sourcecode.c.objc; path = TBRuntimePersonSon.m; sourceTree = "<group>"; };
		510FC9231F7A67C000AA98F7 /* TBRuntimeVC.h */ = {isa = PBXFileReference; fileEncoding = 4; lastKnownFileType = sourcecode.c.h; path = TBRuntimeVC.h; sourceTree = "<group>"; };
		510FC9241F7A67C000AA98F7 /* TBRuntimeVC.m */ = {isa = PBXFileReference; fileEncoding = 4; lastKnownFileType = sourcecode.c.objc; path = TBRuntimeVC.m; sourceTree = "<group>"; };
		510FC9251F7A67C000AA98F7 /* TBRuntimeVC.xib */ = {isa = PBXFileReference; fileEncoding = 4; lastKnownFileType = file.xib; path = TBRuntimeVC.xib; sourceTree = "<group>"; };
		510FC92C1F7A67F500AA98F7 /* LICENSE */ = {isa = PBXFileReference; fileEncoding = 4; lastKnownFileType = text; path = LICENSE; sourceTree = "<group>"; };
		510FC92E1F7A67F500AA98F7 /* MJExtension.h */ = {isa = PBXFileReference; fileEncoding = 4; lastKnownFileType = sourcecode.c.h; path = MJExtension.h; sourceTree = "<group>"; };
		510FC92F1F7A67F500AA98F7 /* MJExtensionConst.h */ = {isa = PBXFileReference; fileEncoding = 4; lastKnownFileType = sourcecode.c.h; path = MJExtensionConst.h; sourceTree = "<group>"; };
		510FC9301F7A67F500AA98F7 /* MJExtensionConst.m */ = {isa = PBXFileReference; fileEncoding = 4; lastKnownFileType = sourcecode.c.objc; path = MJExtensionConst.m; sourceTree = "<group>"; };
		510FC9311F7A67F500AA98F7 /* MJFoundation.h */ = {isa = PBXFileReference; fileEncoding = 4; lastKnownFileType = sourcecode.c.h; path = MJFoundation.h; sourceTree = "<group>"; };
		510FC9321F7A67F500AA98F7 /* MJFoundation.m */ = {isa = PBXFileReference; fileEncoding = 4; lastKnownFileType = sourcecode.c.objc; path = MJFoundation.m; sourceTree = "<group>"; };
		510FC9331F7A67F500AA98F7 /* MJProperty.h */ = {isa = PBXFileReference; fileEncoding = 4; lastKnownFileType = sourcecode.c.h; path = MJProperty.h; sourceTree = "<group>"; };
		510FC9341F7A67F500AA98F7 /* MJProperty.m */ = {isa = PBXFileReference; fileEncoding = 4; lastKnownFileType = sourcecode.c.objc; path = MJProperty.m; sourceTree = "<group>"; };
		510FC9351F7A67F500AA98F7 /* MJPropertyKey.h */ = {isa = PBXFileReference; fileEncoding = 4; lastKnownFileType = sourcecode.c.h; path = MJPropertyKey.h; sourceTree = "<group>"; };
		510FC9361F7A67F500AA98F7 /* MJPropertyKey.m */ = {isa = PBXFileReference; fileEncoding = 4; lastKnownFileType = sourcecode.c.objc; path = MJPropertyKey.m; sourceTree = "<group>"; };
		510FC9371F7A67F500AA98F7 /* MJPropertyType.h */ = {isa = PBXFileReference; fileEncoding = 4; lastKnownFileType = sourcecode.c.h; path = MJPropertyType.h; sourceTree = "<group>"; };
		510FC9381F7A67F500AA98F7 /* MJPropertyType.m */ = {isa = PBXFileReference; fileEncoding = 4; lastKnownFileType = sourcecode.c.objc; path = MJPropertyType.m; sourceTree = "<group>"; };
		510FC9391F7A67F500AA98F7 /* NSObject+MJClass.h */ = {isa = PBXFileReference; fileEncoding = 4; lastKnownFileType = sourcecode.c.h; path = "NSObject+MJClass.h"; sourceTree = "<group>"; };
		510FC93A1F7A67F500AA98F7 /* NSObject+MJClass.m */ = {isa = PBXFileReference; fileEncoding = 4; lastKnownFileType = sourcecode.c.objc; path = "NSObject+MJClass.m"; sourceTree = "<group>"; };
		510FC93B1F7A67F500AA98F7 /* NSObject+MJCoding.h */ = {isa = PBXFileReference; fileEncoding = 4; lastKnownFileType = sourcecode.c.h; path = "NSObject+MJCoding.h"; sourceTree = "<group>"; };
		510FC93C1F7A67F500AA98F7 /* NSObject+MJCoding.m */ = {isa = PBXFileReference; fileEncoding = 4; lastKnownFileType = sourcecode.c.objc; path = "NSObject+MJCoding.m"; sourceTree = "<group>"; };
		510FC93D1F7A67F500AA98F7 /* NSObject+MJKeyValue.h */ = {isa = PBXFileReference; fileEncoding = 4; lastKnownFileType = sourcecode.c.h; path = "NSObject+MJKeyValue.h"; sourceTree = "<group>"; };
		510FC93E1F7A67F500AA98F7 /* NSObject+MJKeyValue.m */ = {isa = PBXFileReference; fileEncoding = 4; lastKnownFileType = sourcecode.c.objc; path = "NSObject+MJKeyValue.m"; sourceTree = "<group>"; };
		510FC93F1F7A67F500AA98F7 /* NSObject+MJProperty.h */ = {isa = PBXFileReference; fileEncoding = 4; lastKnownFileType = sourcecode.c.h; path = "NSObject+MJProperty.h"; sourceTree = "<group>"; };
		510FC9401F7A67F500AA98F7 /* NSObject+MJProperty.m */ = {isa = PBXFileReference; fileEncoding = 4; lastKnownFileType = sourcecode.c.objc; path = "NSObject+MJProperty.m"; sourceTree = "<group>"; };
		510FC9411F7A67F500AA98F7 /* NSString+MJExtension.h */ = {isa = PBXFileReference; fileEncoding = 4; lastKnownFileType = sourcecode.c.h; path = "NSString+MJExtension.h"; sourceTree = "<group>"; };
		510FC9421F7A67F500AA98F7 /* NSString+MJExtension.m */ = {isa = PBXFileReference; fileEncoding = 4; lastKnownFileType = sourcecode.c.objc; path = "NSString+MJExtension.m"; sourceTree = "<group>"; };
		510FC9431F7A67F500AA98F7 /* README.md */ = {isa = PBXFileReference; fileEncoding = 4; lastKnownFileType = net.daringfireball.markdown; path = README.md; sourceTree = "<group>"; };
/* End PBXFileReference section */

/* Begin PBXFrameworksBuildPhase section */
		510FC8E41F7A67A300AA98F7 /* Frameworks */ = {
			isa = PBXFrameworksBuildPhase;
			buildActionMask = 2147483647;
			files = (
			);
			runOnlyForDeploymentPostprocessing = 0;
		};
		510FC8FC1F7A67A300AA98F7 /* Frameworks */ = {
			isa = PBXFrameworksBuildPhase;
			buildActionMask = 2147483647;
			files = (
			);
			runOnlyForDeploymentPostprocessing = 0;
		};
		510FC9071F7A67A300AA98F7 /* Frameworks */ = {
			isa = PBXFrameworksBuildPhase;
			buildActionMask = 2147483647;
			files = (
			);
			runOnlyForDeploymentPostprocessing = 0;
		};
/* End PBXFrameworksBuildPhase section */

/* Begin PBXGroup section */
		510FC8DE1F7A67A300AA98F7 = {
			isa = PBXGroup;
			children = (
				510FC8E91F7A67A300AA98F7 /* TBExtension */,
				510FC9021F7A67A300AA98F7 /* TBExtensionTests */,
				510FC90D1F7A67A300AA98F7 /* TBExtensionUITests */,
				510FC8E81F7A67A300AA98F7 /* Products */,
			);
			sourceTree = "<group>";
		};
		510FC8E81F7A67A300AA98F7 /* Products */ = {
			isa = PBXGroup;
			children = (
				510FC8E71F7A67A300AA98F7 /* TBExtension.app */,
				510FC8FF1F7A67A300AA98F7 /* TBExtensionTests.xctest */,
				510FC90A1F7A67A300AA98F7 /* TBExtensionUITests.xctest */,
			);
			name = Products;
			sourceTree = "<group>";
		};
		510FC8E91F7A67A300AA98F7 /* TBExtension */ = {
			isa = PBXGroup;
			children = (
				510FC92B1F7A67F500AA98F7 /* MJExtension */,
				510FC91C1F7A67C000AA98F7 /* TBRuntime */,
				510FC8EA1F7A67A300AA98F7 /* AppDelegate.h */,
				510FC8EB1F7A67A300AA98F7 /* AppDelegate.m */,
				510FC8ED1F7A67A300AA98F7 /* ViewController.h */,
				510FC8EE1F7A67A300AA98F7 /* ViewController.m */,
				510FC8F01F7A67A300AA98F7 /* Main.storyboard */,
				510FC8F31F7A67A300AA98F7 /* Assets.xcassets */,
				510FC8F51F7A67A300AA98F7 /* LaunchScreen.storyboard */,
				510FC8F81F7A67A300AA98F7 /* Info.plist */,
				510FC8F91F7A67A300AA98F7 /* main.m */,
			);
			path = TBExtension;
			sourceTree = "<group>";
		};
		510FC9021F7A67A300AA98F7 /* TBExtensionTests */ = {
			isa = PBXGroup;
			children = (
				510FC9031F7A67A300AA98F7 /* TBExtensionTests.m */,
				510FC9051F7A67A300AA98F7 /* Info.plist */,
			);
			path = TBExtensionTests;
			sourceTree = "<group>";
		};
		510FC90D1F7A67A300AA98F7 /* TBExtensionUITests */ = {
			isa = PBXGroup;
			children = (
				510FC90E1F7A67A300AA98F7 /* TBExtensionUITests.m */,
				510FC9101F7A67A300AA98F7 /* Info.plist */,
			);
			path = TBExtensionUITests;
			sourceTree = "<group>";
		};
		510FC91C1F7A67C000AA98F7 /* TBRuntime */ = {
			isa = PBXGroup;
			children = (
				510FC91D1F7A67C000AA98F7 /* NSObject+TBObject.h */,
				510FC91E1F7A67C000AA98F7 /* NSObject+TBObject.m */,
				510FC91F1F7A67C000AA98F7 /* TBRuntimePerson.h */,
				510FC9201F7A67C000AA98F7 /* TBRuntimePerson.m */,
				510FC9211F7A67C000AA98F7 /* TBRuntimePersonSon.h */,
				510FC9221F7A67C000AA98F7 /* TBRuntimePersonSon.m */,
				510FC9231F7A67C000AA98F7 /* TBRuntimeVC.h */,
				510FC9241F7A67C000AA98F7 /* TBRuntimeVC.m */,
				510FC9251F7A67C000AA98F7 /* TBRuntimeVC.xib */,
			);
			path = TBRuntime;
			sourceTree = "<group>";
		};
		510FC92B1F7A67F500AA98F7 /* MJExtension */ = {
			isa = PBXGroup;
			children = (
				510FC92C1F7A67F500AA98F7 /* LICENSE */,
				510FC92D1F7A67F500AA98F7 /* MJExtension */,
				510FC9431F7A67F500AA98F7 /* README.md */,
			);
			path = MJExtension;
			sourceTree = "<group>";
		};
		510FC92D1F7A67F500AA98F7 /* MJExtension */ = {
			isa = PBXGroup;
			children = (
				510FC92E1F7A67F500AA98F7 /* MJExtension.h */,
				510FC92F1F7A67F500AA98F7 /* MJExtensionConst.h */,
				510FC9301F7A67F500AA98F7 /* MJExtensionConst.m */,
				510FC9311F7A67F500AA98F7 /* MJFoundation.h */,
				510FC9321F7A67F500AA98F7 /* MJFoundation.m */,
				510FC9331F7A67F500AA98F7 /* MJProperty.h */,
				510FC9341F7A67F500AA98F7 /* MJProperty.m */,
				510FC9351F7A67F500AA98F7 /* MJPropertyKey.h */,
				510FC9361F7A67F500AA98F7 /* MJPropertyKey.m */,
				510FC9371F7A67F500AA98F7 /* MJPropertyType.h */,
				510FC9381F7A67F500AA98F7 /* MJPropertyType.m */,
				510FC9391F7A67F500AA98F7 /* NSObject+MJClass.h */,
				510FC93A1F7A67F500AA98F7 /* NSObject+MJClass.m */,
				510FC93B1F7A67F500AA98F7 /* NSObject+MJCoding.h */,
				510FC93C1F7A67F500AA98F7 /* NSObject+MJCoding.m */,
				510FC93D1F7A67F500AA98F7 /* NSObject+MJKeyValue.h */,
				510FC93E1F7A67F500AA98F7 /* NSObject+MJKeyValue.m */,
				510FC93F1F7A67F500AA98F7 /* NSObject+MJProperty.h */,
				510FC9401F7A67F500AA98F7 /* NSObject+MJProperty.m */,
				510FC9411F7A67F500AA98F7 /* NSString+MJExtension.h */,
				510FC9421F7A67F500AA98F7 /* NSString+MJExtension.m */,
			);
			path = MJExtension;
			sourceTree = "<group>";
		};
/* End PBXGroup section */

/* Begin PBXNativeTarget section */
		510FC8E61F7A67A300AA98F7 /* TBExtension */ = {
			isa = PBXNativeTarget;
			buildConfigurationList = 510FC9131F7A67A300AA98F7 /* Build configuration list for PBXNativeTarget "TBExtension" */;
			buildPhases = (
				510FC8E31F7A67A300AA98F7 /* Sources */,
				510FC8E41F7A67A300AA98F7 /* Frameworks */,
				510FC8E51F7A67A300AA98F7 /* Resources */,
			);
			buildRules = (
			);
			dependencies = (
			);
			name = TBExtension;
			productName = TBExtension;
			productReference = 510FC8E71F7A67A300AA98F7 /* TBExtension.app */;
			productType = "com.apple.product-type.application";
		};
		510FC8FE1F7A67A300AA98F7 /* TBExtensionTests */ = {
			isa = PBXNativeTarget;
			buildConfigurationList = 510FC9161F7A67A300AA98F7 /* Build configuration list for PBXNativeTarget "TBExtensionTests" */;
			buildPhases = (
				510FC8FB1F7A67A300AA98F7 /* Sources */,
				510FC8FC1F7A67A300AA98F7 /* Frameworks */,
				510FC8FD1F7A67A300AA98F7 /* Resources */,
			);
			buildRules = (
			);
			dependencies = (
				510FC9011F7A67A300AA98F7 /* PBXTargetDependency */,
			);
			name = TBExtensionTests;
			productName = TBExtensionTests;
			productReference = 510FC8FF1F7A67A300AA98F7 /* TBExtensionTests.xctest */;
			productType = "com.apple.product-type.bundle.unit-test";
		};
		510FC9091F7A67A300AA98F7 /* TBExtensionUITests */ = {
			isa = PBXNativeTarget;
			buildConfigurationList = 510FC9191F7A67A300AA98F7 /* Build configuration list for PBXNativeTarget "TBExtensionUITests" */;
			buildPhases = (
				510FC9061F7A67A300AA98F7 /* Sources */,
				510FC9071F7A67A300AA98F7 /* Frameworks */,
				510FC9081F7A67A300AA98F7 /* Resources */,
			);
			buildRules = (
			);
			dependencies = (
				510FC90C1F7A67A300AA98F7 /* PBXTargetDependency */,
			);
			name = TBExtensionUITests;
			productName = TBExtensionUITests;
			productReference = 510FC90A1F7A67A300AA98F7 /* TBExtensionUITests.xctest */;
			productType = "com.apple.product-type.bundle.ui-testing";
		};
/* End PBXNativeTarget section */

/* Begin PBXProject section */
		510FC8DF1F7A67A300AA98F7 /* Project object */ = {
			isa = PBXProject;
			attributes = {
				LastUpgradeCheck = 0900;
				ORGANIZATIONNAME = hanchuangkeji;
				TargetAttributes = {
					510FC8E61F7A67A300AA98F7 = {
						CreatedOnToolsVersion = 9.0;
						ProvisioningStyle = Automatic;
					};
					510FC8FE1F7A67A300AA98F7 = {
						CreatedOnToolsVersion = 9.0;
						ProvisioningStyle = Automatic;
						TestTargetID = 510FC8E61F7A67A300AA98F7;
					};
					510FC9091F7A67A300AA98F7 = {
						CreatedOnToolsVersion = 9.0;
						ProvisioningStyle = Automatic;
						TestTargetID = 510FC8E61F7A67A300AA98F7;
					};
				};
			};
			buildConfigurationList = 510FC8E21F7A67A300AA98F7 /* Build configuration list for PBXProject "TBExtension" */;
			compatibilityVersion = "Xcode 8.0";
			developmentRegion = en;
			hasScannedForEncodings = 0;
			knownRegions = (
				en,
				Base,
			);
			mainGroup = 510FC8DE1F7A67A300AA98F7;
			productRefGroup = 510FC8E81F7A67A300AA98F7 /* Products */;
			projectDirPath = "";
			projectRoot = "";
			targets = (
				510FC8E61F7A67A300AA98F7 /* TBExtension */,
				510FC8FE1F7A67A300AA98F7 /* TBExtensionTests */,
				510FC9091F7A67A300AA98F7 /* TBExtensionUITests */,
			);
		};
/* End PBXProject section */

/* Begin PBXResourcesBuildPhase section */
		510FC8E51F7A67A300AA98F7 /* Resources */ = {
			isa = PBXResourcesBuildPhase;
			buildActionMask = 2147483647;
			files = (
				510FC94F1F7A67F600AA98F7 /* README.md in Resources */,
				510FC8F71F7A67A300AA98F7 /* LaunchScreen.storyboard in Resources */,
				510FC8F41F7A67A300AA98F7 /* Assets.xcassets in Resources */,
				510FC8F21F7A67A300AA98F7 /* Main.storyboard in Resources */,
				510FC92A1F7A67C000AA98F7 /* TBRuntimeVC.xib in Resources */,
				510FC9441F7A67F500AA98F7 /* LICENSE in Resources */,
			);
			runOnlyForDeploymentPostprocessing = 0;
		};
		510FC8FD1F7A67A300AA98F7 /* Resources */ = {
			isa = PBXResourcesBuildPhase;
			buildActionMask = 2147483647;
			files = (
			);
			runOnlyForDeploymentPostprocessing = 0;
		};
		510FC9081F7A67A300AA98F7 /* Resources */ = {
			isa = PBXResourcesBuildPhase;
			buildActionMask = 2147483647;
			files = (
			);
			runOnlyForDeploymentPostprocessing = 0;
		};
/* End PBXResourcesBuildPhase section */

/* Begin PBXSourcesBuildPhase section */
		510FC8E31F7A67A300AA98F7 /* Sources */ = {
			isa = PBXSourcesBuildPhase;
			buildActionMask = 2147483647;
			files = (
				510FC94B1F7A67F600AA98F7 /* NSObject+MJCoding.m in Sources */,
				510FC9451F7A67F500AA98F7 /* MJExtensionConst.m in Sources */,
				510FC94A1F7A67F600AA98F7 /* NSObject+MJClass.m in Sources */,
				510FC9481F7A67F500AA98F7 /* MJPropertyKey.m in Sources */,
				510FC9281F7A67C000AA98F7 /* TBRuntimePersonSon.m in Sources */,
				510FC9271F7A67C000AA98F7 /* TBRuntimePerson.m in Sources */,
				510FC9471F7A67F500AA98F7 /* MJProperty.m in Sources */,
				510FC9461F7A67F500AA98F7 /* MJFoundation.m in Sources */,
				510FC9291F7A67C000AA98F7 /* TBRuntimeVC.m in Sources */,
				510FC8EF1F7A67A300AA98F7 /* ViewController.m in Sources */,
				510FC8FA1F7A67A300AA98F7 /* main.m in Sources */,
				510FC9491F7A67F600AA98F7 /* MJPropertyType.m in Sources */,
				510FC9261F7A67C000AA98F7 /* NSObject+TBObject.m in Sources */,
				510FC94C1F7A67F600AA98F7 /* NSObject+MJKeyValue.m in Sources */,
				510FC94E1F7A67F600AA98F7 /* NSString+MJExtension.m in Sources */,
				510FC8EC1F7A67A300AA98F7 /* AppDelegate.m in Sources */,
				510FC94D1F7A67F600AA98F7 /* NSObject+MJProperty.m in Sources */,
			);
			runOnlyForDeploymentPostprocessing = 0;
		};
		510FC8FB1F7A67A300AA98F7 /* Sources */ = {
			isa = PBXSourcesBuildPhase;
			buildActionMask = 2147483647;
			files = (
				510FC9041F7A67A300AA98F7 /* TBExtensionTests.m in Sources */,
			);
			runOnlyForDeploymentPostprocessing = 0;
		};
		510FC9061F7A67A300AA98F7 /* Sources */ = {
			isa = PBXSourcesBuildPhase;
			buildActionMask = 2147483647;
			files = (
				510FC90F1F7A67A300AA98F7 /* TBExtensionUITests.m in Sources */,
			);
			runOnlyForDeploymentPostprocessing = 0;
		};
/* End PBXSourcesBuildPhase section */

/* Begin PBXTargetDependency section */
		510FC9011F7A67A300AA98F7 /* PBXTargetDependency */ = {
			isa = PBXTargetDependency;
			target = 510FC8E61F7A67A300AA98F7 /* TBExtension */;
			targetProxy = 510FC9001F7A67A300AA98F7 /* PBXContainerItemProxy */;
		};
		510FC90C1F7A67A300AA98F7 /* PBXTargetDependency */ = {
			isa = PBXTargetDependency;
			target = 510FC8E61F7A67A300AA98F7 /* TBExtension */;
			targetProxy = 510FC90B1F7A67A300AA98F7 /* PBXContainerItemProxy */;
		};
/* End PBXTargetDependency section */

/* Begin PBXVariantGroup section */
		510FC8F01F7A67A300AA98F7 /* Main.storyboard */ = {
			isa = PBXVariantGroup;
			children = (
				510FC8F11F7A67A300AA98F7 /* Base */,
			);
			name = Main.storyboard;
			sourceTree = "<group>";
		};
		510FC8F51F7A67A300AA98F7 /* LaunchScreen.storyboard */ = {
			isa = PBXVariantGroup;
			children = (
				510FC8F61F7A67A300AA98F7 /* Base */,
			);
			name = LaunchScreen.storyboard;
			sourceTree = "<group>";
		};
/* End PBXVariantGroup section */

/* Begin XCBuildConfiguration section */
		510FC9111F7A67A300AA98F7 /* Debug */ = {
			isa = XCBuildConfiguration;
			buildSettings = {
				ALWAYS_SEARCH_USER_PATHS = NO;
				CLANG_ANALYZER_NONNULL = YES;
				CLANG_ANALYZER_NUMBER_OBJECT_CONVERSION = YES_AGGRESSIVE;
				CLANG_CXX_LANGUAGE_STANDARD = "gnu++14";
				CLANG_CXX_LIBRARY = "libc++";
				CLANG_ENABLE_MODULES = YES;
				CLANG_ENABLE_OBJC_ARC = YES;
				CLANG_WARN_BLOCK_CAPTURE_AUTORELEASING = YES;
				CLANG_WARN_BOOL_CONVERSION = YES;
				CLANG_WARN_COMMA = YES;
				CLANG_WARN_CONSTANT_CONVERSION = YES;
				CLANG_WARN_DIRECT_OBJC_ISA_USAGE = YES_ERROR;
				CLANG_WARN_DOCUMENTATION_COMMENTS = YES;
				CLANG_WARN_EMPTY_BODY = YES;
				CLANG_WARN_ENUM_CONVERSION = YES;
				CLANG_WARN_INFINITE_RECURSION = YES;
				CLANG_WARN_INT_CONVERSION = YES;
				CLANG_WARN_NON_LITERAL_NULL_CONVERSION = YES;
				CLANG_WARN_OBJC_LITERAL_CONVERSION = YES;
				CLANG_WARN_OBJC_ROOT_CLASS = YES_ERROR;
				CLANG_WARN_RANGE_LOOP_ANALYSIS = YES;
				CLANG_WARN_STRICT_PROTOTYPES = YES;
				CLANG_WARN_SUSPICIOUS_MOVE = YES;
				CLANG_WARN_UNGUARDED_AVAILABILITY = YES_AGGRESSIVE;
				CLANG_WARN_UNREACHABLE_CODE = YES;
				CLANG_WARN__DUPLICATE_METHOD_MATCH = YES;
				CODE_SIGN_IDENTITY = "iPhone Developer";
				COPY_PHASE_STRIP = NO;
				DEBUG_INFORMATION_FORMAT = dwarf;
				ENABLE_STRICT_OBJC_MSGSEND = YES;
				ENABLE_TESTABILITY = YES;
				GCC_C_LANGUAGE_STANDARD = gnu11;
				GCC_DYNAMIC_NO_PIC = NO;
				GCC_NO_COMMON_BLOCKS = YES;
				GCC_OPTIMIZATION_LEVEL = 0;
				GCC_PREPROCESSOR_DEFINITIONS = (
					"DEBUG=1",
					"$(inherited)",
				);
				GCC_WARN_64_TO_32_BIT_CONVERSION = YES;
				GCC_WARN_ABOUT_RETURN_TYPE = YES_ERROR;
				GCC_WARN_UNDECLARED_SELECTOR = YES;
				GCC_WARN_UNINITIALIZED_AUTOS = YES_AGGRESSIVE;
				GCC_WARN_UNUSED_FUNCTION = YES;
				GCC_WARN_UNUSED_VARIABLE = YES;
				IPHONEOS_DEPLOYMENT_TARGET = 11.0;
				MTL_ENABLE_DEBUG_INFO = YES;
				ONLY_ACTIVE_ARCH = YES;
				SDKROOT = iphoneos;
			};
			name = Debug;
		};
		510FC9121F7A67A300AA98F7 /* Release */ = {
			isa = XCBuildConfiguration;
			buildSettings = {
				ALWAYS_SEARCH_USER_PATHS = NO;
				CLANG_ANALYZER_NONNULL = YES;
				CLANG_ANALYZER_NUMBER_OBJECT_CONVERSION = YES_AGGRESSIVE;
				CLANG_CXX_LANGUAGE_STANDARD = "gnu++14";
				CLANG_CXX_LIBRARY = "libc++";
				CLANG_ENABLE_MODULES = YES;
				CLANG_ENABLE_OBJC_ARC = YES;
				CLANG_WARN_BLOCK_CAPTURE_AUTORELEASING = YES;
				CLANG_WARN_BOOL_CONVERSION = YES;
				CLANG_WARN_COMMA = YES;
				CLANG_WARN_CONSTANT_CONVERSION = YES;
				CLANG_WARN_DIRECT_OBJC_ISA_USAGE = YES_ERROR;
				CLANG_WARN_DOCUMENTATION_COMMENTS = YES;
				CLANG_WARN_EMPTY_BODY = YES;
				CLANG_WARN_ENUM_CONVERSION = YES;
				CLANG_WARN_INFINITE_RECURSION = YES;
				CLANG_WARN_INT_CONVERSION = YES;
				CLANG_WARN_NON_LITERAL_NULL_CONVERSION = YES;
				CLANG_WARN_OBJC_LITERAL_CONVERSION = YES;
				CLANG_WARN_OBJC_ROOT_CLASS = YES_ERROR;
				CLANG_WARN_RANGE_LOOP_ANALYSIS = YES;
				CLANG_WARN_STRICT_PROTOTYPES = YES;
				CLANG_WARN_SUSPICIOUS_MOVE = YES;
				CLANG_WARN_UNGUARDED_AVAILABILITY = YES_AGGRESSIVE;
				CLANG_WARN_UNREACHABLE_CODE = YES;
				CLANG_WARN__DUPLICATE_METHOD_MATCH = YES;
				CODE_SIGN_IDENTITY = "iPhone Developer";
				COPY_PHASE_STRIP = NO;
				DEBUG_INFORMATION_FORMAT = "dwarf-with-dsym";
				ENABLE_NS_ASSERTIONS = NO;
				ENABLE_STRICT_OBJC_MSGSEND = YES;
				GCC_C_LANGUAGE_STANDARD = gnu11;
				GCC_NO_COMMON_BLOCKS = YES;
				GCC_WARN_64_TO_32_BIT_CONVERSION = YES;
				GCC_WARN_ABOUT_RETURN_TYPE = YES_ERROR;
				GCC_WARN_UNDECLARED_SELECTOR = YES;
				GCC_WARN_UNINITIALIZED_AUTOS = YES_AGGRESSIVE;
				GCC_WARN_UNUSED_FUNCTION = YES;
				GCC_WARN_UNUSED_VARIABLE = YES;
				IPHONEOS_DEPLOYMENT_TARGET = 11.0;
				MTL_ENABLE_DEBUG_INFO = NO;
				SDKROOT = iphoneos;
				VALIDATE_PRODUCT = YES;
			};
			name = Release;
		};
		510FC9141F7A67A300AA98F7 /* Debug */ = {
			isa = XCBuildConfiguration;
			buildSettings = {
				ASSETCATALOG_COMPILER_APPICON_NAME = AppIcon;
				CODE_SIGN_STYLE = Automatic;
				INFOPLIST_FILE = TBExtension/Info.plist;
				LD_RUNPATH_SEARCH_PATHS = "$(inherited) @executable_path/Frameworks";
				PRODUCT_BUNDLE_IDENTIFIER = com.pintu.ttttttttt.TBExtension;
				PRODUCT_NAME = "$(TARGET_NAME)";
				TARGETED_DEVICE_FAMILY = "1,2";
			};
			name = Debug;
		};
		510FC9151F7A67A300AA98F7 /* Release */ = {
			isa = XCBuildConfiguration;
			buildSettings = {
				ASSETCATALOG_COMPILER_APPICON_NAME = AppIcon;
				CODE_SIGN_STYLE = Automatic;
				INFOPLIST_FILE = TBExtension/Info.plist;
				LD_RUNPATH_SEARCH_PATHS = "$(inherited) @executable_path/Frameworks";
				PRODUCT_BUNDLE_IDENTIFIER = com.pintu.ttttttttt.TBExtension;
				PRODUCT_NAME = "$(TARGET_NAME)";
				TARGETED_DEVICE_FAMILY = "1,2";
			};
			name = Release;
		};
		510FC9171F7A67A300AA98F7 /* Debug */ = {
			isa = XCBuildConfiguration;
			buildSettings = {
				BUNDLE_LOADER = "$(TEST_HOST)";
				CODE_SIGN_STYLE = Automatic;
				INFOPLIST_FILE = TBExtensionTests/Info.plist;
				LD_RUNPATH_SEARCH_PATHS = "$(inherited) @executable_path/Frameworks @loader_path/Frameworks";
				PRODUCT_BUNDLE_IDENTIFIER = com.pintu.ttttttttt.TBExtensionTests;
				PRODUCT_NAME = "$(TARGET_NAME)";
				TARGETED_DEVICE_FAMILY = "1,2";
				TEST_HOST = "$(BUILT_PRODUCTS_DIR)/TBExtension.app/TBExtension";
			};
			name = Debug;
		};
		510FC9181F7A67A300AA98F7 /* Release */ = {
			isa = XCBuildConfiguration;
			buildSettings = {
				BUNDLE_LOADER = "$(TEST_HOST)";
				CODE_SIGN_STYLE = Automatic;
				INFOPLIST_FILE = TBExtensionTests/Info.plist;
				LD_RUNPATH_SEARCH_PATHS = "$(inherited) @executable_path/Frameworks @loader_path/Frameworks";
				PRODUCT_BUNDLE_IDENTIFIER = com.pintu.ttttttttt.TBExtensionTests;
				PRODUCT_NAME = "$(TARGET_NAME)";
				TARGETED_DEVICE_FAMILY = "1,2";
				TEST_HOST = "$(BUILT_PRODUCTS_DIR)/TBExtension.app/TBExtension";
			};
			name = Release;
		};
		510FC91A1F7A67A300AA98F7 /* Debug */ = {
			isa = XCBuildConfiguration;
			buildSettings = {
				CODE_SIGN_STYLE = Automatic;
				INFOPLIST_FILE = TBExtensionUITests/Info.plist;
				LD_RUNPATH_SEARCH_PATHS = "$(inherited) @executable_path/Frameworks @loader_path/Frameworks";
				PRODUCT_BUNDLE_IDENTIFIER = com.pintu.ttttttttt.TBExtensionUITests;
				PRODUCT_NAME = "$(TARGET_NAME)";
				TARGETED_DEVICE_FAMILY = "1,2";
				TEST_TARGET_NAME = TBExtension;
			};
			name = Debug;
		};
		510FC91B1F7A67A300AA98F7 /* Release */ = {
			isa = XCBuildConfiguration;
			buildSettings = {
				CODE_SIGN_STYLE = Automatic;
				INFOPLIST_FILE = TBExtensionUITests/Info.plist;
				LD_RUNPATH_SEARCH_PATHS = "$(inherited) @executable_path/Frameworks @loader_path/Frameworks";
				PRODUCT_BUNDLE_IDENTIFIER = com.pintu.ttttttttt.TBExtensionUITests;
				PRODUCT_NAME = "$(TARGET_NAME)";
				TARGETED_DEVICE_FAMILY = "1,2";
				TEST_TARGET_NAME = TBExtension;
			};
			name = Release;
		};
/* End XCBuildConfiguration section */

/* Begin XCConfigurationList section */
		510FC8E21F7A67A300AA98F7 /* Build configuration list for PBXProject "TBExtension" */ = {
			isa = XCConfigurationList;
			buildConfigurations = (
				510FC9111F7A67A300AA98F7 /* Debug */,
				510FC9121F7A67A300AA98F7 /* Release */,
			);
			defaultConfigurationIsVisible = 0;
			defaultConfigurationName = Release;
		};
		510FC9131F7A67A300AA98F7 /* Build configuration list for PBXNativeTarget "TBExtension" */ = {
			isa = XCConfigurationList;
			buildConfigurations = (
				510FC9141F7A67A300AA98F7 /* Debug */,
				510FC9151F7A67A300AA98F7 /* Release */,
			);
			defaultConfigurationIsVisible = 0;
			defaultConfigurationName = Release;
		};
		510FC9161F7A67A300AA98F7 /* Build configuration list for PBXNativeTarget "TBExtensionTests" */ = {
			isa = XCConfigurationList;
			buildConfigurations = (
				510FC9171F7A67A300AA98F7 /* Debug */,
				510FC9181F7A67A300AA98F7 /* Release */,
			);
			defaultConfigurationIsVisible = 0;
			defaultConfigurationName = Release;
		};
		510FC9191F7A67A300AA98F7 /* Build configuration list for PBXNativeTarget "TBExtensionUITests" */ = {
			isa = XCConfigurationList;
			buildConfigurations = (
				510FC91A1F7A67A300AA98F7 /* Debug */,
				510FC91B1F7A67A300AA98F7 /* Release */,
			);
			defaultConfigurationIsVisible = 0;
			defaultConfigurationName = Release;
		};
/* End XCConfigurationList section */
	};
	rootObject = 510FC8DF1F7A67A300AA98F7 /* Project object */;
}
